
Microsoft Visual Studio Solution File, Format Version 12.00
# Visual Studio Version 16
VisualStudioVersion = 16.0.29430.225
MinimumVisualStudioVersion = 10.0.40219.1
Project("{FAE04EC0-301F-11D3-BF4B-00C04F79EFBC}") = "micro-canvas-framework.github.io", "micro-canvas-framework.github.io\micro-canvas-framework.github.io.csproj", "{05E56CC6-7EF9-4238-9E39-E8404A8F2225}"
EndProject
Global
	GlobalSection(SolutionConfigurationPlatforms) = preSolution
		Debug|Any CPU = Debug|Any CPU
		Release|Any CPU = Release|Any CPU
	EndGlobalSection
	GlobalSection(ProjectConfigurationPlatforms) = postSolution
		{05E56CC6-7EF9-4238-9E39-E8404A8F2225}.Debug|Any CPU.ActiveCfg = Debug|Any CPU
		{05E56CC6-7EF9-4238-9E39-E8404A8F2225}.Debug|Any CPU.Build.0 = Debug|Any CPU
		{05E56CC6-7EF9-4238-9E39-E8404A8F2225}.Release|Any CPU.ActiveCfg = Release|Any CPU
		{05E56CC6-7EF9-4238-9E39-E8404A8F2225}.Release|Any CPU.Build.0 = Release|Any CPU
	EndGlobalSection
	GlobalSection(SolutionProperties) = preSolution
		HideSolutionNode = FALSE
	EndGlobalSection
	GlobalSection(ExtensibilityGlobals) = postSolution
		SolutionGuid = {20574C46-FD9A-4816-ABF1-C0637AE5B52D}
	EndGlobalSection
EndGlobal
